
Microsoft Visual Studio Solution File, Format Version 12.00
# Visual Studio Version 16
VisualStudioVersion = 16.0.33130.400
MinimumVisualStudioVersion = 10.0.40219.1
Project("{FAE04EC0-301F-11D3-BF4B-00C04F79EFBC}") = "gnv1test", "gnv1test\gnv1test.csproj", "{15D3D97D-84D5-4207-BF4D-3385C63566F5}"
EndProject
Global
	GlobalSection(SolutionConfigurationPlatforms) = preSolution
		Debug|Any CPU = Debug|Any CPU
		Release|Any CPU = Release|Any CPU
	EndGlobalSection
	GlobalSection(ProjectConfigurationPlatforms) = postSolution
		{15D3D97D-84D5-4207-BF4D-3385C63566F5}.Debug|Any CPU.ActiveCfg = Debug|Any CPU
		{15D3D97D-84D5-4207-BF4D-3385C63566F5}.Debug|Any CPU.Build.0 = Debug|Any CPU
		{15D3D97D-84D5-4207-BF4D-3385C63566F5}.Release|Any CPU.ActiveCfg = Release|Any CPU
		{15D3D97D-84D5-4207-BF4D-3385C63566F5}.Release|Any CPU.Build.0 = Release|Any CPU
	EndGlobalSection
	GlobalSection(SolutionProperties) = preSolution
		HideSolutionNode = FALSE
	EndGlobalSection
	GlobalSection(ExtensibilityGlobals) = postSolution
		SolutionGuid = {0B4982CD-252B-4546-91DC-8B6679A4DE6A}
	EndGlobalSection
EndGlobal
